
Microsoft Visual Studio Solution File, Format Version 12.00
# Visual Studio Version 17
VisualStudioVersion = 17.0.32126.317
MinimumVisualStudioVersion = 10.0.40219.1
Project("{FAE04EC0-301F-11D3-BF4B-00C04F79EFBC}") = "WebApplication7", "WebApplication7.csproj", "{3DA0AD02-0D1C-44CB-AFD3-551B5F9CBA60}"
EndProject
Global
	GlobalSection(SolutionConfigurationPlatforms) = preSolution
		Debug|Any CPU = Debug|Any CPU
		Release|Any CPU = Release|Any CPU
	EndGlobalSection
	GlobalSection(ProjectConfigurationPlatforms) = postSolution
		{3DA0AD02-0D1C-44CB-AFD3-551B5F9CBA60}.Debug|Any CPU.ActiveCfg = Debug|Any CPU
		{3DA0AD02-0D1C-44CB-AFD3-551B5F9CBA60}.Debug|Any CPU.Build.0 = Debug|Any CPU
		{3DA0AD02-0D1C-44CB-AFD3-551B5F9CBA60}.Release|Any CPU.ActiveCfg = Release|Any CPU
		{3DA0AD02-0D1C-44CB-AFD3-551B5F9CBA60}.Release|Any CPU.Build.0 = Release|Any CPU
	EndGlobalSection
	GlobalSection(SolutionProperties) = preSolution
		HideSolutionNode = FALSE
	EndGlobalSection
	GlobalSection(ExtensibilityGlobals) = postSolution
		SolutionGuid = {BF842233-2CCA-45AE-A4B1-8BC9B58F5694}
	EndGlobalSection
EndGlobal
