
Microsoft Visual Studio Solution File, Format Version 12.00
# Visual Studio Version 17
VisualStudioVersion = 17.0.32126.317
MinimumVisualStudioVersion = 10.0.40219.1
Project("{FAE04EC0-301F-11D3-BF4B-00C04F79EFBC}") = "WebApplication5", "WebApplication5.csproj", "{C7304D8E-F457-4BF2-88CF-3E322269369C}"
EndProject
Global
	GlobalSection(SolutionConfigurationPlatforms) = preSolution
		Debug|Any CPU = Debug|Any CPU
		Release|Any CPU = Release|Any CPU
	EndGlobalSection
	GlobalSection(ProjectConfigurationPlatforms) = postSolution
		{C7304D8E-F457-4BF2-88CF-3E322269369C}.Debug|Any CPU.ActiveCfg = Debug|Any CPU
		{C7304D8E-F457-4BF2-88CF-3E322269369C}.Debug|Any CPU.Build.0 = Debug|Any CPU
		{C7304D8E-F457-4BF2-88CF-3E322269369C}.Release|Any CPU.ActiveCfg = Release|Any CPU
		{C7304D8E-F457-4BF2-88CF-3E322269369C}.Release|Any CPU.Build.0 = Release|Any CPU
	EndGlobalSection
	GlobalSection(SolutionProperties) = preSolution
		HideSolutionNode = FALSE
	EndGlobalSection
	GlobalSection(ExtensibilityGlobals) = postSolution
		SolutionGuid = {EA2D306B-0653-4828-83F9-14B22C8B21A7}
	EndGlobalSection
EndGlobal
